{
    "_meta": {
        "hash": {
            "sha256": "223688f8ef8af6f6802b6fc16513fe6e2b7dae9331fecc66e2e5e2133696fed5"
        },
        "pipfile-spec": 6,
        "requires": {
            "python_version": "3.6"
        },
        "sources": [
            {
                "name": "pypi",
                "url": "https://pypi.org/simple",
                "verify_ssl": true
            }
        ]
    },
    "default": {
        "backcall": {
            "hashes": [
                "sha256:5cbdbf27be5e7cfadb448baf0aa95508f91f2bbc6c6437cd9cd06e2a4c215e1e",
                "sha256:fbbce6a29f263178a1f7915c1940bde0ec2b2a967566fe1c65c1dfb7422bd255"
            ],
            "version": "==0.2.0"
        },
        "decorator": {
            "hashes": [
                "sha256:41fa54c2a0cc4ba648be4fd43cff00aedf5b9465c9bf18d64325bc225f08f760",
                "sha256:e3a62f0520172440ca0dcc823749319382e377f37f140a0b99ef45fecb84bfe7"
            ],
            "version": "==4.4.2"
        },
        "ipython": {
            "hashes": [
                "sha256:54c5a8aa1eadd269ac210b96923688ccf01ebb2d0f21c18c3c717909583579a8",
                "sha256:e840810029224b56cd0d9e7719dc3b39cf84d577f8ac686547c8ba7a06eeab26"
            ],
            "index": "pypi",
            "version": "==7.5.0"
        },
        "ipython-genutils": {
            "hashes": [
                "sha256:72dd37233799e619666c9f639a9da83c34013a73e8bbc79a7a6348d93c61fab8",
                "sha256:eb2e116e75ecef9d4d228fdc66af54269afa26ab4463042e33785b887c628ba8"
            ],
            "version": "==0.2.0"
        },
        "jedi": {
            "hashes": [
                "sha256:18456d83f65f400ab0c2d3319e48520420ef43b23a086fdc05dff34132f0fb93",
                "sha256:92550a404bad8afed881a137ec9a461fed49eca661414be45059329614ed0707"
            ],
            "version": "==0.18.0"
        },
        "mpmath": {
            "hashes": [
                "sha256:604bc21bd22d2322a177c73bdb573994ef76e62edd595d17e00aff24b0667e5c",
                "sha256:79ffb45cf9f4b101a807595bcb3e72e0396202e0b1d25d689134b48c4216a81a"
            ],
            "version": "==1.2.1"
        },
        "numpy": {
            "hashes": [
                "sha256:0e2eed77804b2a6a88741f8fcac02c5499bba3953ec9c71e8b217fad4912c56c",
                "sha256:1c666f04553ef70fda54adf097dbae7080645435fc273e2397f26bbf1d127bbb",
                "sha256:1f46532afa7b2903bfb1b79becca2954c0a04389d19e03dc73f06b039048ac40",
                "sha256:315fa1b1dfc16ae0f03f8fd1c55f23fd15368710f641d570236f3d78af55e340",
                "sha256:3d5fcea4f5ed40c3280791d54da3ad2ecf896f4c87c877b113576b8280c59441",
                "sha256:48241759b99d60aba63b0e590332c600fc4b46ad597c9b0a53f350b871ef0634",
                "sha256:4b4f2924b36d857cf302aec369caac61e43500c17eeef0d7baacad1084c0ee84",
                "sha256:54fe3b7ed9e7eb928bbc4318f954d133851865f062fa4bbb02ef8940bc67b5d2",
                "sha256:5a8f021c70e6206c317974c93eaaf9bc2b56295b6b1cacccf88846e44a1f33fc",
                "sha256:754a6be26d938e6ca91942804eb209307b73f806a1721176278a6038869a1686",
                "sha256:771147e654e8b95eea1293174a94f34e2e77d5729ad44aefb62fbf8a79747a15",
                "sha256:78a6f89da87eeb48014ec652a65c4ffde370c036d780a995edaeb121d3625621",
                "sha256:7fde5c2a3a682a9e101e61d97696687ebdba47637611378b4127fe7e47fdf2bf",
                "sha256:80d99399c97f646e873dd8ce87c38cfdbb668956bbc39bc1e6cac4b515bba2a0",
                "sha256:88a72c1e45a0ae24d1f249a529d9f71fe82e6fa6a3fd61414b829396ec585900",
                "sha256:a4f4460877a16ac73302a9c077ca545498d9fe64e6a81398d8e1a67e4695e3df",
                "sha256:a61255a765b3ac73ee4b110b28fccfbf758c985677f526c2b4b39c48cc4b509d",
                "sha256:ab4896a8c910b9a04c0142871d8800c76c8a2e5ff44763513e1dd9d9631ce897",
                "sha256:abbd6b1c2ef6199f4b7ca9f818eb6b31f17b73a6110aadc4e4298c3f00fab24e",
                "sha256:b16d88da290334e33ea992c56492326ea3b06233a00a1855414360b77ca72f26",
                "sha256:b78a1defedb0e8f6ae1eb55fa6ac74ab42acc4569c3a2eacc2a407ee5d42ebcb",
                "sha256:cfef82c43b8b29ca436560d51b2251d5117818a8d1fb74a8384a83c096745dad",
                "sha256:d160e57731fcdec2beda807ebcabf39823c47e9409485b5a3a1db3a8c6ce763e"
            ],
            "index": "pypi",
            "version": "==1.16.3"
        },
        "parso": {
            "hashes": [
                "sha256:15b00182f472319383252c18d5913b69269590616c947747bc50bf4ac768f410",
                "sha256:8519430ad07087d4c997fda3a7918f7cfa27cb58972a8c89c2a0295a1c940e9e"
            ],
            "version": "==0.8.1"
        },
        "pexpect": {
            "hashes": [
                "sha256:0b48a55dcb3c05f3329815901ea4fc1537514d6ba867a152b581d69ae3710937",
                "sha256:fc65a43959d153d0114afe13997d439c22823a27cefceb5ff35c2178c6784c0c"
            ],
            "markers": "sys_platform != 'win32'",
            "version": "==4.8.0"
        },
        "pickleshare": {
            "hashes": [
                "sha256:87683d47965c1da65cdacaf31c8441d12b8044cdec9aca500cd78fc2c683afca",
                "sha256:9649af414d74d4df115d5d718f82acb59c9d418196b7b4290ed47a12ce62df56"
            ],
            "version": "==0.7.5"
        },
        "prompt-toolkit": {
            "hashes": [
                "sha256:46642344ce457641f28fc9d1c9ca939b63dadf8df128b86f1b9860e59c73a5e4",
                "sha256:e7f8af9e3d70f514373bf41aa51bc33af12a6db3f71461ea47fea985defb2c31",
                "sha256:f15af68f66e664eaa559d4ac8a928111eebd5feda0c11738b5998045224829db"
            ],
            "version": "==2.0.10"
        },
        "ptyprocess": {
            "hashes": [
                "sha256:4b41f3967fce3af57cc7e94b888626c18bf37a083e3651ca8feeb66d492fef35",
                "sha256:5c5d0a3b48ceee0b48485e0c26037c0acd7d29765ca3fbb5cb3831d347423220"
            ],
            "version": "==0.7.0"
        },
        "pygments": {
            "hashes": [
                "sha256:bc9591213a8f0e0ca1a5e68a479b4887fdc3e75d0774e5c71c31920c427de435",
                "sha256:df49d09b498e83c1a73128295860250b0b7edd4c723a32e9bc0d295c7c2ec337"
            ],
            "index": "pypi",
            "version": "==2.7.4"
        },
        "six": {
            "hashes": [
                "sha256:30639c035cdb23534cd4aa2dd52c3bf48f06e5f4a941509c8bafd8ce11080259",
                "sha256:8b74bedcbbbaca38ff6d7491d76f2b06b3592611af620f8426e82dddb04a5ced"
            ],
            "version": "==1.15.0"
        },
        "sympy": {
            "hashes": [
                "sha256:71a11e5686ae7ab6cb8feb5bd2651ef4482f8fd43a7c27e645a165e4353b23e1",
                "sha256:f9b00ec76151c98470e84f1da2d7d03633180b71fb318428ddccce1c867d3eaa"
            ],
            "index": "pypi",
            "version": "==1.4"
        },
        "traitlets": {
            "hashes": [
                "sha256:70b4c6a1d9019d7b4f6846832288f86998aa3b9207c6821f3578a6a6a467fe44",
                "sha256:d023ee369ddd2763310e4c3eae1ff649689440d4ae59d7485eb4cfbbe3e359f7"
            ],
            "version": "==4.3.3"
        },
        "wcwidth": {
            "hashes": [
                "sha256:beb4802a9cebb9144e99086eff703a642a13d6a0052920003a230f3294bbe784",
                "sha256:c4d647b99872929fdb7bdcaa4fbe7f01413ed3d98077df798530e5b04f116c83"
            ],
            "version": "==0.2.5"
        }
    },
    "develop": {}
}
